
Microsoft Visual Studio Solution File, Format Version 12.00
# Visual Studio 15
VisualStudioVersion = 15.0.27428.2015
MinimumVisualStudioVersion = 10.0.40219.1
Project("{9A19103F-16F7-4668-BE54-9A1E7A4F7556}") = "Core.Models", "core.Models\Core.Models.csproj", "{1B2A7F61-5C9F-4276-AA04-8A7F94EA1C9C}"
EndProject
Project("{9A19103F-16F7-4668-BE54-9A1E7A4F7556}") = "Core.Services", "core.Security\Core.Services.csproj", "{0DB6516E-EA44-4F42-83C8-5F2BDE9F6E68}"
EndProject
Project("{9A19103F-16F7-4668-BE54-9A1E7A4F7556}") = "Core.WebApplication", "mvcApplication\Core.WebApplication.csproj", "{108BA152-63E6-4038-8E72-E0053C297305}"
EndProject
Project("{9A19103F-16F7-4668-BE54-9A1E7A4F7556}") = "Core.DesignPatterns", "Core.Examples\Core.DesignPatterns.csproj", "{BE2DDB71-304B-4AB2-A06B-9980C3C0A22E}"
EndProject
Global
	GlobalSection(SolutionConfigurationPlatforms) = preSolution
		Debug|Any CPU = Debug|Any CPU
		Release|Any CPU = Release|Any CPU
	EndGlobalSection
	GlobalSection(ProjectConfigurationPlatforms) = postSolution
		{1B2A7F61-5C9F-4276-AA04-8A7F94EA1C9C}.Debug|Any CPU.ActiveCfg = Debug|Any CPU
		{1B2A7F61-5C9F-4276-AA04-8A7F94EA1C9C}.Debug|Any CPU.Build.0 = Debug|Any CPU
		{1B2A7F61-5C9F-4276-AA04-8A7F94EA1C9C}.Release|Any CPU.ActiveCfg = Release|Any CPU
		{1B2A7F61-5C9F-4276-AA04-8A7F94EA1C9C}.Release|Any CPU.Build.0 = Release|Any CPU
		{0DB6516E-EA44-4F42-83C8-5F2BDE9F6E68}.Debug|Any CPU.ActiveCfg = Debug|Any CPU
		{0DB6516E-EA44-4F42-83C8-5F2BDE9F6E68}.Debug|Any CPU.Build.0 = Debug|Any CPU
		{0DB6516E-EA44-4F42-83C8-5F2BDE9F6E68}.Release|Any CPU.ActiveCfg = Release|Any CPU
		{0DB6516E-EA44-4F42-83C8-5F2BDE9F6E68}.Release|Any CPU.Build.0 = Release|Any CPU
		{108BA152-63E6-4038-8E72-E0053C297305}.Debug|Any CPU.ActiveCfg = Debug|Any CPU
		{108BA152-63E6-4038-8E72-E0053C297305}.Debug|Any CPU.Build.0 = Debug|Any CPU
		{108BA152-63E6-4038-8E72-E0053C297305}.Release|Any CPU.ActiveCfg = Release|Any CPU
		{108BA152-63E6-4038-8E72-E0053C297305}.Release|Any CPU.Build.0 = Release|Any CPU
		{BE2DDB71-304B-4AB2-A06B-9980C3C0A22E}.Debug|Any CPU.ActiveCfg = Debug|Any CPU
		{BE2DDB71-304B-4AB2-A06B-9980C3C0A22E}.Debug|Any CPU.Build.0 = Debug|Any CPU
		{BE2DDB71-304B-4AB2-A06B-9980C3C0A22E}.Release|Any CPU.ActiveCfg = Release|Any CPU
		{BE2DDB71-304B-4AB2-A06B-9980C3C0A22E}.Release|Any CPU.Build.0 = Release|Any CPU
	EndGlobalSection
	GlobalSection(SolutionProperties) = preSolution
		HideSolutionNode = FALSE
	EndGlobalSection
	GlobalSection(ExtensibilityGlobals) = postSolution
		SolutionGuid = {635FE089-9E49-4E14-9625-70C5A0183CA7}
	EndGlobalSection
EndGlobal
